
Microsoft Visual Studio Solution File, Format Version 12.00
# Visual Studio Version 17
VisualStudioVersion = 17.4.33205.214
MinimumVisualStudioVersion = 10.0.40219.1
Project("{2150E333-8FDC-42A3-9474-1A3956D46DE8}") = "0-Presentation", "0-Presentation", "{A8052F61-2B86-480A-AF3A-9B871B2B56CF}"
EndProject
Project("{2150E333-8FDC-42A3-9474-1A3956D46DE8}") = "1-Services", "1-Services", "{2425757B-FE8A-4C9A-8B8A-A58812F674A7}"
EndProject
Project("{2150E333-8FDC-42A3-9474-1A3956D46DE8}") = "2-Domain", "2-Domain", "{297DE038-87AD-4EB7-8677-6AD08A8F6E03}"
EndProject
Project("{2150E333-8FDC-42A3-9474-1A3956D46DE8}") = "3-Infra", "3-Infra", "{111C9CCC-EEA5-4EE4-9ACF-94549A3D1110}"
EndProject
Project("{9A19103F-16F7-4668-BE54-9A1E7A4F7556}") = "ASTL.Domain", "ASTL.Domain\ASTL.Domain.csproj", "{AC8EA165-A344-4FDA-A73F-FF05E9EC7ADF}"
EndProject
Project("{2150E333-8FDC-42A3-9474-1A3956D46DE8}") = "1-Data", "1-Data", "{748B6AEE-0827-43B4-853E-73A1B8A62646}"
EndProject
Project("{2150E333-8FDC-42A3-9474-1A3956D46DE8}") = "2-CrossCuting", "2-CrossCuting", "{18EBBDAC-736D-478A-B63F-9B3D168CDB2A}"
EndProject
Project("{9A19103F-16F7-4668-BE54-9A1E7A4F7556}") = "ASTL.WebApi", "ASTL.WebApi\ASTL.WebApi.csproj", "{D1CB11C5-8CDC-4E8E-AF7C-D3BB9BC23BF9}"
EndProject
Project("{9A19103F-16F7-4668-BE54-9A1E7A4F7556}") = "ASTL.Service", "ASTL.Service\ASTL.Service.csproj", "{DF577DC9-A7DE-4532-B3AC-13E75248724F}"
EndProject
Project("{9A19103F-16F7-4668-BE54-9A1E7A4F7556}") = "ASTL.Data", "ASTL.Data\ASTL.Data.csproj", "{0FA368E7-C096-42A1-A847-F5C9A6800CFB}"
EndProject
Global
	GlobalSection(SolutionConfigurationPlatforms) = preSolution
		Debug|Any CPU = Debug|Any CPU
		Release|Any CPU = Release|Any CPU
	EndGlobalSection
	GlobalSection(ProjectConfigurationPlatforms) = postSolution
		{AC8EA165-A344-4FDA-A73F-FF05E9EC7ADF}.Debug|Any CPU.ActiveCfg = Debug|Any CPU
		{AC8EA165-A344-4FDA-A73F-FF05E9EC7ADF}.Debug|Any CPU.Build.0 = Debug|Any CPU
		{AC8EA165-A344-4FDA-A73F-FF05E9EC7ADF}.Release|Any CPU.ActiveCfg = Release|Any CPU
		{AC8EA165-A344-4FDA-A73F-FF05E9EC7ADF}.Release|Any CPU.Build.0 = Release|Any CPU
		{D1CB11C5-8CDC-4E8E-AF7C-D3BB9BC23BF9}.Debug|Any CPU.ActiveCfg = Debug|Any CPU
		{D1CB11C5-8CDC-4E8E-AF7C-D3BB9BC23BF9}.Debug|Any CPU.Build.0 = Debug|Any CPU
		{D1CB11C5-8CDC-4E8E-AF7C-D3BB9BC23BF9}.Release|Any CPU.ActiveCfg = Release|Any CPU
		{D1CB11C5-8CDC-4E8E-AF7C-D3BB9BC23BF9}.Release|Any CPU.Build.0 = Release|Any CPU
		{DF577DC9-A7DE-4532-B3AC-13E75248724F}.Debug|Any CPU.ActiveCfg = Debug|Any CPU
		{DF577DC9-A7DE-4532-B3AC-13E75248724F}.Debug|Any CPU.Build.0 = Debug|Any CPU
		{DF577DC9-A7DE-4532-B3AC-13E75248724F}.Release|Any CPU.ActiveCfg = Release|Any CPU
		{DF577DC9-A7DE-4532-B3AC-13E75248724F}.Release|Any CPU.Build.0 = Release|Any CPU
		{0FA368E7-C096-42A1-A847-F5C9A6800CFB}.Debug|Any CPU.ActiveCfg = Debug|Any CPU
		{0FA368E7-C096-42A1-A847-F5C9A6800CFB}.Debug|Any CPU.Build.0 = Debug|Any CPU
		{0FA368E7-C096-42A1-A847-F5C9A6800CFB}.Release|Any CPU.ActiveCfg = Release|Any CPU
		{0FA368E7-C096-42A1-A847-F5C9A6800CFB}.Release|Any CPU.Build.0 = Release|Any CPU
	EndGlobalSection
	GlobalSection(SolutionProperties) = preSolution
		HideSolutionNode = FALSE
	EndGlobalSection
	GlobalSection(NestedProjects) = preSolution
		{AC8EA165-A344-4FDA-A73F-FF05E9EC7ADF} = {297DE038-87AD-4EB7-8677-6AD08A8F6E03}
		{748B6AEE-0827-43B4-853E-73A1B8A62646} = {111C9CCC-EEA5-4EE4-9ACF-94549A3D1110}
		{18EBBDAC-736D-478A-B63F-9B3D168CDB2A} = {111C9CCC-EEA5-4EE4-9ACF-94549A3D1110}
		{D1CB11C5-8CDC-4E8E-AF7C-D3BB9BC23BF9} = {A8052F61-2B86-480A-AF3A-9B871B2B56CF}
		{DF577DC9-A7DE-4532-B3AC-13E75248724F} = {2425757B-FE8A-4C9A-8B8A-A58812F674A7}
		{0FA368E7-C096-42A1-A847-F5C9A6800CFB} = {748B6AEE-0827-43B4-853E-73A1B8A62646}
	EndGlobalSection
	GlobalSection(ExtensibilityGlobals) = postSolution
		SolutionGuid = {FC02E6CA-3623-4053-94B9-DD49A3D11E25}
	EndGlobalSection
EndGlobal
